
Microsoft Visual Studio Solution File, Format Version 12.00
# Visual Studio Version 16
VisualStudioVersion = 16.0.29318.209
MinimumVisualStudioVersion = 10.0.40219.1
Project("{9A19103F-16F7-4668-BE54-9A1E7A4F7556}") = "Intuit.TSheets", "Intuit.TSheets\Intuit.TSheets.csproj", "{98D436FF-3EF5-4F24-8A3F-E71C0649C754}"
EndProject
Project("{9A19103F-16F7-4668-BE54-9A1E7A4F7556}") = "Intuit.TSheets.Tests", "Intuit.TSheets.Tests\Intuit.TSheets.Tests.csproj", "{33E75689-A816-4C73-813C-D1808F5A2E2E}"
EndProject
Project("{9A19103F-16F7-4668-BE54-9A1E7A4F7556}") = "Intuit.TSheets.Examples", "Intuit.TSheets.Examples\Intuit.TSheets.Examples.csproj", "{1BDF4AC1-666F-4199-A6AC-3612287A1D1A}"
EndProject
Project("{9A19103F-16F7-4668-BE54-9A1E7A4F7556}") = "Intuit.TSheets.SchemaGen", "Intuit.TSheets.SchemaGen\Intuit.TSheets.SchemaGen.csproj", "{04A95D26-BF03-49A7-B602-23E4D641D9B0}"
EndProject
Global
	GlobalSection(SolutionConfigurationPlatforms) = preSolution
		Debug|Any CPU = Debug|Any CPU
		Release|Any CPU = Release|Any CPU
	EndGlobalSection
	GlobalSection(ProjectConfigurationPlatforms) = postSolution
		{98D436FF-3EF5-4F24-8A3F-E71C0649C754}.Debug|Any CPU.ActiveCfg = Debug|Any CPU
		{98D436FF-3EF5-4F24-8A3F-E71C0649C754}.Debug|Any CPU.Build.0 = Debug|Any CPU
		{98D436FF-3EF5-4F24-8A3F-E71C0649C754}.Release|Any CPU.ActiveCfg = Release|Any CPU
		{98D436FF-3EF5-4F24-8A3F-E71C0649C754}.Release|Any CPU.Build.0 = Release|Any CPU
		{33E75689-A816-4C73-813C-D1808F5A2E2E}.Debug|Any CPU.ActiveCfg = Debug|Any CPU
		{33E75689-A816-4C73-813C-D1808F5A2E2E}.Debug|Any CPU.Build.0 = Debug|Any CPU
		{33E75689-A816-4C73-813C-D1808F5A2E2E}.Release|Any CPU.ActiveCfg = Release|Any CPU
		{33E75689-A816-4C73-813C-D1808F5A2E2E}.Release|Any CPU.Build.0 = Release|Any CPU
		{1BDF4AC1-666F-4199-A6AC-3612287A1D1A}.Debug|Any CPU.ActiveCfg = Debug|Any CPU
		{1BDF4AC1-666F-4199-A6AC-3612287A1D1A}.Debug|Any CPU.Build.0 = Debug|Any CPU
		{1BDF4AC1-666F-4199-A6AC-3612287A1D1A}.Release|Any CPU.ActiveCfg = Release|Any CPU
		{1BDF4AC1-666F-4199-A6AC-3612287A1D1A}.Release|Any CPU.Build.0 = Release|Any CPU
		{04A95D26-BF03-49A7-B602-23E4D641D9B0}.Debug|Any CPU.ActiveCfg = Debug|Any CPU
		{04A95D26-BF03-49A7-B602-23E4D641D9B0}.Debug|Any CPU.Build.0 = Debug|Any CPU
		{04A95D26-BF03-49A7-B602-23E4D641D9B0}.Release|Any CPU.ActiveCfg = Release|Any CPU
		{04A95D26-BF03-49A7-B602-23E4D641D9B0}.Release|Any CPU.Build.0 = Release|Any CPU
	EndGlobalSection
	GlobalSection(SolutionProperties) = preSolution
		HideSolutionNode = FALSE
	EndGlobalSection
	GlobalSection(ExtensibilityGlobals) = postSolution
		SolutionGuid = {E564E922-68A5-4475-963A-4C7E65392223}
		EnterpriseLibraryConfigurationToolBinariesPathV6 = packages\EnterpriseLibrary.TransientFaultHandling.6.0.1304.0\lib\portable-net45+win+wp8
	EndGlobalSection
EndGlobal
